
Microsoft Visual Studio Solution File, Format Version 12.00
# Visual Studio 14
VisualStudioVersion = 14.0.25123.0
MinimumVisualStudioVersion = 10.0.40219.1
Project("{CC5FD16D-436D-48AD-A40C-5A424C6E3E79}") = "SFA.DAS.EmployerPortal", "SFA.DAS.EmployerPortal\SFA.DAS.EmployerPortal.ccproj", "{94F05E8A-0954-4E45-B129-93F217FF1740}"
EndProject
Project("{FAE04EC0-301F-11D3-BF4B-00C04F79EFBC}") = "SFA.DAS.EmployerPortal.Web", "SFA.DAS.EmployerPortal.Web\SFA.DAS.EmployerPortal.Web.csproj", "{D5ECD144-EC50-496A-9F29-01D62410F3F2}"
EndProject
Project("{2150E333-8FDC-42A3-9474-1A3956D46DE8}") = "Tests", "Tests", "{4EF1A27F-C31A-4D20-8940-9CDB983ECD32}"
EndProject
Project("{FAE04EC0-301F-11D3-BF4B-00C04F79EFBC}") = "SFA.DAS.EmployerPortal.Web.UnitTests", "SFA.DAS.EmployerPortal.Web.UnitTests\SFA.DAS.EmployerPortal.Web.UnitTests.csproj", "{965E47E9-8679-4E5A-B9AD-E8A935048AD4}"
EndProject
Project("{FAE04EC0-301F-11D3-BF4B-00C04F79EFBC}") = "SFA.DAS.NotificationService.Api", "SFA.DAS.NotificationService.Web\SFA.DAS.NotificationService.Api.csproj", "{E371279A-8BC6-4B5C-80E7-C3331A3CAD48}"
EndProject
Project("{FAE04EC0-301F-11D3-BF4B-00C04F79EFBC}") = "SFA.DAS.NotificationService.Worker", "SFA.DAS.NotificationService.Svc\SFA.DAS.NotificationService.Worker.csproj", "{8DDEA855-5B98-4D32-8A7C-C23C0814BDFC}"
EndProject
Project("{FAE04EC0-301F-11D3-BF4B-00C04F79EFBC}") = "SFA.DAS.NotificationService.Application", "SFA.DAS.NotificationService.Core\SFA.DAS.NotificationService.Application.csproj", "{A7D9A608-913C-496D-ACED-4A6D7F2C2758}"
EndProject
Project("{FAE04EC0-301F-11D3-BF4B-00C04F79EFBC}") = "SFA.DAS.NotificationService.Api.UnitTests", "SFA.DAS.NotificationService.Web.UnitTests\SFA.DAS.NotificationService.Api.UnitTests.csproj", "{AF5196F8-BFE6-4B42-829E-37E28FD22B22}"
EndProject
Project("{FAE04EC0-301F-11D3-BF4B-00C04F79EFBC}") = "SFA.DAS.NotificationService.Application.UnitTests", "SFA.DAS.NotificationService.Core.UnitTests\SFA.DAS.NotificationService.Application.UnitTests.csproj", "{147B79F9-A60D-4850-BB95-732E2F6F295D}"
EndProject
Project("{FAE04EC0-301F-11D3-BF4B-00C04F79EFBC}") = "SFA.DAS.NotificationService.Worker.UnitTests", "SFA.DAS.NotificationService.Svc.UnitTests\SFA.DAS.NotificationService.Worker.UnitTests.csproj", "{FC049A0B-5CE4-4BA1-8A75-D766B75C7FDE}"
EndProject
Project("{2150E333-8FDC-42A3-9474-1A3956D46DE8}") = "Solution Items", "Solution Items", "{CB588672-2383-4ADB-98B2-3283737DD4CA}"
	ProjectSection(SolutionItems) = preProject
		SharedAssemblyInfo.cs = SharedAssemblyInfo.cs
	EndProjectSection
EndProject
Project("{FAE04EC0-301F-11D3-BF4B-00C04F79EFBC}") = "SFA.DAS.EmployerPortal.Infrastructure", "SFA.DAS.EmployerPortal.Infrastructure\SFA.DAS.EmployerPortal.Infrastructure.csproj", "{CB54BFAF-1B3F-4397-981C-7540F9B8CBF7}"
EndProject
Project("{FAE04EC0-301F-11D3-BF4B-00C04F79EFBC}") = "SFA.DAS.NotificationService.Infrastructure", "SFA.DAS.NotificationService..Infrastructure\SFA.DAS.NotificationService.Infrastructure.csproj", "{23CF7C43-D9CA-4446-AA6F-E0E5D792A200}"
EndProject
Project("{FAE04EC0-301F-11D3-BF4B-00C04F79EFBC}") = "SFA.DAS.NotificationService.Infrastructure.UnitTests", "SFA.DAS.NotificationService.Infrastructure.UnitTests\SFA.DAS.NotificationService.Infrastructure.UnitTests.csproj", "{8034DEBE-79F3-4D1D-81DB-6D78556B706E}"
EndProject
Global
	GlobalSection(SolutionConfigurationPlatforms) = preSolution
		Debug|Any CPU = Debug|Any CPU
		Release|Any CPU = Release|Any CPU
	EndGlobalSection
	GlobalSection(ProjectConfigurationPlatforms) = postSolution
		{94F05E8A-0954-4E45-B129-93F217FF1740}.Debug|Any CPU.ActiveCfg = Debug|Any CPU
		{94F05E8A-0954-4E45-B129-93F217FF1740}.Debug|Any CPU.Build.0 = Debug|Any CPU
		{94F05E8A-0954-4E45-B129-93F217FF1740}.Release|Any CPU.ActiveCfg = Release|Any CPU
		{94F05E8A-0954-4E45-B129-93F217FF1740}.Release|Any CPU.Build.0 = Release|Any CPU
		{D5ECD144-EC50-496A-9F29-01D62410F3F2}.Debug|Any CPU.ActiveCfg = Debug|Any CPU
		{D5ECD144-EC50-496A-9F29-01D62410F3F2}.Debug|Any CPU.Build.0 = Debug|Any CPU
		{D5ECD144-EC50-496A-9F29-01D62410F3F2}.Release|Any CPU.ActiveCfg = Release|Any CPU
		{D5ECD144-EC50-496A-9F29-01D62410F3F2}.Release|Any CPU.Build.0 = Release|Any CPU
		{965E47E9-8679-4E5A-B9AD-E8A935048AD4}.Debug|Any CPU.ActiveCfg = Debug|Any CPU
		{965E47E9-8679-4E5A-B9AD-E8A935048AD4}.Debug|Any CPU.Build.0 = Debug|Any CPU
		{965E47E9-8679-4E5A-B9AD-E8A935048AD4}.Release|Any CPU.ActiveCfg = Release|Any CPU
		{965E47E9-8679-4E5A-B9AD-E8A935048AD4}.Release|Any CPU.Build.0 = Release|Any CPU
		{E371279A-8BC6-4B5C-80E7-C3331A3CAD48}.Debug|Any CPU.ActiveCfg = Debug|Any CPU
		{E371279A-8BC6-4B5C-80E7-C3331A3CAD48}.Debug|Any CPU.Build.0 = Debug|Any CPU
		{E371279A-8BC6-4B5C-80E7-C3331A3CAD48}.Release|Any CPU.ActiveCfg = Release|Any CPU
		{E371279A-8BC6-4B5C-80E7-C3331A3CAD48}.Release|Any CPU.Build.0 = Release|Any CPU
		{8DDEA855-5B98-4D32-8A7C-C23C0814BDFC}.Debug|Any CPU.ActiveCfg = Debug|Any CPU
		{8DDEA855-5B98-4D32-8A7C-C23C0814BDFC}.Debug|Any CPU.Build.0 = Debug|Any CPU
		{8DDEA855-5B98-4D32-8A7C-C23C0814BDFC}.Release|Any CPU.ActiveCfg = Release|Any CPU
		{8DDEA855-5B98-4D32-8A7C-C23C0814BDFC}.Release|Any CPU.Build.0 = Release|Any CPU
		{A7D9A608-913C-496D-ACED-4A6D7F2C2758}.Debug|Any CPU.ActiveCfg = Debug|Any CPU
		{A7D9A608-913C-496D-ACED-4A6D7F2C2758}.Debug|Any CPU.Build.0 = Debug|Any CPU
		{A7D9A608-913C-496D-ACED-4A6D7F2C2758}.Release|Any CPU.ActiveCfg = Release|Any CPU
		{A7D9A608-913C-496D-ACED-4A6D7F2C2758}.Release|Any CPU.Build.0 = Release|Any CPU
		{AF5196F8-BFE6-4B42-829E-37E28FD22B22}.Debug|Any CPU.ActiveCfg = Debug|Any CPU
		{AF5196F8-BFE6-4B42-829E-37E28FD22B22}.Debug|Any CPU.Build.0 = Debug|Any CPU
		{AF5196F8-BFE6-4B42-829E-37E28FD22B22}.Release|Any CPU.ActiveCfg = Release|Any CPU
		{AF5196F8-BFE6-4B42-829E-37E28FD22B22}.Release|Any CPU.Build.0 = Release|Any CPU
		{147B79F9-A60D-4850-BB95-732E2F6F295D}.Debug|Any CPU.ActiveCfg = Debug|Any CPU
		{147B79F9-A60D-4850-BB95-732E2F6F295D}.Debug|Any CPU.Build.0 = Debug|Any CPU
		{147B79F9-A60D-4850-BB95-732E2F6F295D}.Release|Any CPU.ActiveCfg = Release|Any CPU
		{147B79F9-A60D-4850-BB95-732E2F6F295D}.Release|Any CPU.Build.0 = Release|Any CPU
		{FC049A0B-5CE4-4BA1-8A75-D766B75C7FDE}.Debug|Any CPU.ActiveCfg = Debug|Any CPU
		{FC049A0B-5CE4-4BA1-8A75-D766B75C7FDE}.Debug|Any CPU.Build.0 = Debug|Any CPU
		{FC049A0B-5CE4-4BA1-8A75-D766B75C7FDE}.Release|Any CPU.ActiveCfg = Release|Any CPU
		{FC049A0B-5CE4-4BA1-8A75-D766B75C7FDE}.Release|Any CPU.Build.0 = Release|Any CPU
		{CB54BFAF-1B3F-4397-981C-7540F9B8CBF7}.Debug|Any CPU.ActiveCfg = Debug|Any CPU
		{CB54BFAF-1B3F-4397-981C-7540F9B8CBF7}.Debug|Any CPU.Build.0 = Debug|Any CPU
		{CB54BFAF-1B3F-4397-981C-7540F9B8CBF7}.Release|Any CPU.ActiveCfg = Release|Any CPU
		{CB54BFAF-1B3F-4397-981C-7540F9B8CBF7}.Release|Any CPU.Build.0 = Release|Any CPU
		{23CF7C43-D9CA-4446-AA6F-E0E5D792A200}.Debug|Any CPU.ActiveCfg = Debug|Any CPU
		{23CF7C43-D9CA-4446-AA6F-E0E5D792A200}.Debug|Any CPU.Build.0 = Debug|Any CPU
		{23CF7C43-D9CA-4446-AA6F-E0E5D792A200}.Release|Any CPU.ActiveCfg = Release|Any CPU
		{23CF7C43-D9CA-4446-AA6F-E0E5D792A200}.Release|Any CPU.Build.0 = Release|Any CPU
		{8034DEBE-79F3-4D1D-81DB-6D78556B706E}.Debug|Any CPU.ActiveCfg = Debug|Any CPU
		{8034DEBE-79F3-4D1D-81DB-6D78556B706E}.Debug|Any CPU.Build.0 = Debug|Any CPU
		{8034DEBE-79F3-4D1D-81DB-6D78556B706E}.Release|Any CPU.ActiveCfg = Release|Any CPU
		{8034DEBE-79F3-4D1D-81DB-6D78556B706E}.Release|Any CPU.Build.0 = Release|Any CPU
	EndGlobalSection
	GlobalSection(SolutionProperties) = preSolution
		HideSolutionNode = FALSE
	EndGlobalSection
	GlobalSection(NestedProjects) = preSolution
		{965E47E9-8679-4E5A-B9AD-E8A935048AD4} = {4EF1A27F-C31A-4D20-8940-9CDB983ECD32}
		{AF5196F8-BFE6-4B42-829E-37E28FD22B22} = {4EF1A27F-C31A-4D20-8940-9CDB983ECD32}
		{147B79F9-A60D-4850-BB95-732E2F6F295D} = {4EF1A27F-C31A-4D20-8940-9CDB983ECD32}
		{FC049A0B-5CE4-4BA1-8A75-D766B75C7FDE} = {4EF1A27F-C31A-4D20-8940-9CDB983ECD32}
		{8034DEBE-79F3-4D1D-81DB-6D78556B706E} = {4EF1A27F-C31A-4D20-8940-9CDB983ECD32}
	EndGlobalSection
EndGlobal
