
Microsoft Visual Studio Solution File, Format Version 12.00
# Visual Studio 14
VisualStudioVersion = 14.0.24720.0
MinimumVisualStudioVersion = 10.0.40219.1
Project("{CC5FD16D-436D-48AD-A40C-5A424C6E3E79}") = "SFA.DAS.EmployerPortal", "SFA.DAS.EmployerPortal\SFA.DAS.EmployerPortal.ccproj", "{94F05E8A-0954-4E45-B129-93F217FF1740}"
EndProject
Project("{FAE04EC0-301F-11D3-BF4B-00C04F79EFBC}") = "SFA.DAS.EmployerPortal.Web", "SFA.DAS.EmployerPortal.Web\SFA.DAS.EmployerPortal.Web.csproj", "{D5ECD144-EC50-496A-9F29-01D62410F3F2}"
EndProject
Project("{2150E333-8FDC-42A3-9474-1A3956D46DE8}") = "Tests", "Tests", "{4EF1A27F-C31A-4D20-8940-9CDB983ECD32}"
EndProject
Project("{FAE04EC0-301F-11D3-BF4B-00C04F79EFBC}") = "SFA.DAS.EmployerPortal.Web.UnitTests", "SFA.DAS.EmployerPortal.Web.UnitTests\SFA.DAS.EmployerPortal.Web.UnitTests.csproj", "{965E47E9-8679-4E5A-B9AD-E8A935048AD4}"
EndProject
Global
	GlobalSection(SolutionConfigurationPlatforms) = preSolution
		Debug|Any CPU = Debug|Any CPU
		Release|Any CPU = Release|Any CPU
	EndGlobalSection
	GlobalSection(ProjectConfigurationPlatforms) = postSolution
		{94F05E8A-0954-4E45-B129-93F217FF1740}.Debug|Any CPU.ActiveCfg = Debug|Any CPU
		{94F05E8A-0954-4E45-B129-93F217FF1740}.Debug|Any CPU.Build.0 = Debug|Any CPU
		{94F05E8A-0954-4E45-B129-93F217FF1740}.Release|Any CPU.ActiveCfg = Release|Any CPU
		{94F05E8A-0954-4E45-B129-93F217FF1740}.Release|Any CPU.Build.0 = Release|Any CPU
		{D5ECD144-EC50-496A-9F29-01D62410F3F2}.Debug|Any CPU.ActiveCfg = Debug|Any CPU
		{D5ECD144-EC50-496A-9F29-01D62410F3F2}.Debug|Any CPU.Build.0 = Debug|Any CPU
		{D5ECD144-EC50-496A-9F29-01D62410F3F2}.Release|Any CPU.ActiveCfg = Release|Any CPU
		{D5ECD144-EC50-496A-9F29-01D62410F3F2}.Release|Any CPU.Build.0 = Release|Any CPU
		{965E47E9-8679-4E5A-B9AD-E8A935048AD4}.Debug|Any CPU.ActiveCfg = Debug|Any CPU
		{965E47E9-8679-4E5A-B9AD-E8A935048AD4}.Debug|Any CPU.Build.0 = Debug|Any CPU
		{965E47E9-8679-4E5A-B9AD-E8A935048AD4}.Release|Any CPU.ActiveCfg = Release|Any CPU
		{965E47E9-8679-4E5A-B9AD-E8A935048AD4}.Release|Any CPU.Build.0 = Release|Any CPU
	EndGlobalSection
	GlobalSection(SolutionProperties) = preSolution
		HideSolutionNode = FALSE
	EndGlobalSection
	GlobalSection(NestedProjects) = preSolution
		{965E47E9-8679-4E5A-B9AD-E8A935048AD4} = {4EF1A27F-C31A-4D20-8940-9CDB983ECD32}
	EndGlobalSection
EndGlobal
